
Microsoft Visual Studio Solution File, Format Version 12.00
# Visual Studio Version 17
VisualStudioVersion = 17.8.34330.188
MinimumVisualStudioVersion = 10.0.40219.1
Project("{FAE04EC0-301F-11D3-BF4B-00C04F79EFBC}") = "CfsAlerts.Tests", "CfsAlerts.Tests\CfsAlerts.Tests.csproj", "{C6AEB1C8-2F66-41FF-9A00-F8196F50B096}"
EndProject
Project("{FAE04EC0-301F-11D3-BF4B-00C04F79EFBC}") = "CfsAlerts", "CfsAlerts\CfsAlerts.csproj", "{CC2B8E42-D53A-41CA-9EFA-ACFA4529A5BF}"
EndProject
Global
	GlobalSection(SolutionConfigurationPlatforms) = preSolution
		Debug|Any CPU = Debug|Any CPU
		Release|Any CPU = Release|Any CPU
	EndGlobalSection
	GlobalSection(ProjectConfigurationPlatforms) = postSolution
		{C6AEB1C8-2F66-41FF-9A00-F8196F50B096}.Debug|Any CPU.ActiveCfg = Debug|Any CPU
		{C6AEB1C8-2F66-41FF-9A00-F8196F50B096}.Debug|Any CPU.Build.0 = Debug|Any CPU
		{C6AEB1C8-2F66-41FF-9A00-F8196F50B096}.Release|Any CPU.ActiveCfg = Release|Any CPU
		{C6AEB1C8-2F66-41FF-9A00-F8196F50B096}.Release|Any CPU.Build.0 = Release|Any CPU
		{CC2B8E42-D53A-41CA-9EFA-ACFA4529A5BF}.Debug|Any CPU.ActiveCfg = Debug|Any CPU
		{CC2B8E42-D53A-41CA-9EFA-ACFA4529A5BF}.Debug|Any CPU.Build.0 = Debug|Any CPU
		{CC2B8E42-D53A-41CA-9EFA-ACFA4529A5BF}.Release|Any CPU.ActiveCfg = Release|Any CPU
		{CC2B8E42-D53A-41CA-9EFA-ACFA4529A5BF}.Release|Any CPU.Build.0 = Release|Any CPU
	EndGlobalSection
	GlobalSection(SolutionProperties) = preSolution
		HideSolutionNode = FALSE
	EndGlobalSection
	GlobalSection(ExtensibilityGlobals) = postSolution
		SolutionGuid = {78FA5B6A-81A9-453E-BA12-D06ED06160B7}
	EndGlobalSection
EndGlobal
